%{
  "amqp": {:hex, :amqp, "1.3.0", "246e84fd6b051c5b7fed0c7871df9bc2338bc029085192f61438a1f69180d621", [:mix], [{:amqp_client, "~> 3.7.11", [hex: :amqp_client, repo: "hexpm", optional: false]}, {:goldrush, "~> 0.1.0", [hex: :goldrush, repo: "hexpm", optional: false]}, {:jsx, "~> 2.9", [hex: :jsx, repo: "hexpm", optional: false]}, {:lager, "~> 3.6.5", [hex: :lager, repo: "hexpm", optional: false]}, {:rabbit_common, "~> 3.7.11", [hex: :rabbit_common, repo: "hexpm", optional: false]}, {:ranch, "~> 1.7", [hex: :ranch, repo: "hexpm", optional: false]}, {:recon, "~> 2.3", [hex: :recon, repo: "hexpm", optional: false]}], "hexpm", "4dbefb0da9018e2a4cf85157bd7412eced00492fa1fb8483f062b34a66be4c3f"},
  "amqp_client": {:hex, :amqp_client, "3.7.11", "e692b3ba59e6df93c13cec5feefb62c956fcdbae341565101c7668375cc387fe", [:make, :rebar3], [{:rabbit_common, "3.7.11", [hex: :rabbit_common, repo: "hexpm", optional: false]}], "hexpm", "98af27491b463fdf9455a69ac670bae68f3bbacee74eb4d7a9e9c3742d016786"},
  "broadway": {:hex, :broadway, "1.0.0", "da99ca10aa221a9616ccff8cb8124510b7e063112d4593c3bae50448b37bbc90", [:mix], [{:gen_stage, "~> 1.0", [hex: :gen_stage, repo: "hexpm", optional: false]}, {:nimble_options, "~> 0.3.0", [hex: :nimble_options, repo: "hexpm", optional: false]}, {:telemetry, "~> 0.4.3 or ~> 1.0", [hex: :telemetry, repo: "hexpm", optional: false]}], "hexpm", "b86ebd492f687edc9ad44d0f9e359da70f305b6d090e92a06551cef71ec41324"},
  "earmark_parser": {:hex, :earmark_parser, "1.4.41", "ab34711c9dc6212dda44fcd20ecb87ac3f3fce6f0ca2f28d4a00e4154f8cd599", [:mix], [], "hexpm", "a81a04c7e34b6617c2792e291b5a2e57ab316365c2644ddc553bb9ed863ebefa"},
  "ex_doc": {:hex, :ex_doc, "0.34.2", "13eedf3844ccdce25cfd837b99bea9ad92c4e511233199440488d217c92571e8", [:mix], [{:earmark_parser, "~> 1.4.39", [hex: :earmark_parser, repo: "hexpm", optional: false]}, {:makeup_c, ">= 0.1.0", [hex: :makeup_c, repo: "hexpm", optional: true]}, {:makeup_elixir, "~> 0.14 or ~> 1.0", [hex: :makeup_elixir, repo: "hexpm", optional: false]}, {:makeup_erlang, "~> 0.1 or ~> 1.0", [hex: :makeup_erlang, repo: "hexpm", optional: false]}, {:makeup_html, ">= 0.1.0", [hex: :makeup_html, repo: "hexpm", optional: true]}], "hexpm", "5ce5f16b41208a50106afed3de6a2ed34f4acfd65715b82a0b84b49d995f95c1"},
  "excoveralls": {:hex, :excoveralls, "0.18.0", "b92497e69465dc51bc37a6422226ee690ab437e4c06877e836f1c18daeb35da9", [:mix], [{:castore, "~> 1.0", [hex: :castore, repo: "hexpm", optional: true]}, {:jason, "~> 1.0", [hex: :jason, repo: "hexpm", optional: false]}], "hexpm", "1109bb911f3cb583401760be49c02cbbd16aed66ea9509fc5479335d284da60b"},
  "gen_stage": {:hex, :gen_stage, "1.1.1", "78d83b14ca742f4c252770bcdf674d83378ca41579c387c57e2f06d70f596317", [:mix], [], "hexpm", "eb90d2d72609050a66ce42b7d4a69323a60c892a09ead0680d5d8ef16b9a034e"},
  "goldrush": {:hex, :goldrush, "0.1.9", "f06e5d5f1277da5c413e84d5a2924174182fb108dabb39d5ec548b27424cd106", [:rebar3], [], "hexpm", "99cb4128cffcb3227581e5d4d803d5413fa643f4eb96523f77d9e6937d994ceb"},
  "jason": {:hex, :jason, "1.4.1", "af1504e35f629ddcdd6addb3513c3853991f694921b1b9368b0bd32beb9f1b63", [:mix], [{:decimal, "~> 1.0 or ~> 2.0", [hex: :decimal, repo: "hexpm", optional: true]}], "hexpm", "fbb01ecdfd565b56261302f7e1fcc27c4fb8f32d56eab74db621fc154604a7a1"},
  "jsx": {:hex, :jsx, "2.9.0", "d2f6e5f069c00266cad52fb15d87c428579ea4d7d73a33669e12679e203329dd", [:mix, :rebar3], [], "hexpm", "8ee1db1cabafdd578a2776a6aaae87c2a8ce54b47b59e9ec7dab5d7eb71cd8dc"},
  "lager": {:hex, :lager, "3.6.5", "831910109f3fcb503debf658ca0538836b348c58bfbf349a6d48228096ce9040", [:rebar3], [{:goldrush, "0.1.9", [hex: :goldrush, repo: "hexpm", optional: false]}], "hexpm", "454ad6840c0a9cbb48422782431be10c99d5fe7c3a6b72c6143813d8d47a679f"},
  "makeup": {:hex, :makeup, "1.2.1", "e90ac1c65589ef354378def3ba19d401e739ee7ee06fb47f94c687016e3713d1", [:mix], [{:nimble_parsec, "~> 1.4", [hex: :nimble_parsec, repo: "hexpm", optional: false]}], "hexpm", "d36484867b0bae0fea568d10131197a4c2e47056a6fbe84922bf6ba71c8d17ce"},
  "makeup_elixir": {:hex, :makeup_elixir, "1.0.0", "74bb8348c9b3a51d5c589bf5aebb0466a84b33274150e3b6ece1da45584afc82", [:mix], [{:makeup, "~> 1.0", [hex: :makeup, repo: "hexpm", optional: false]}, {:nimble_parsec, "~> 1.2.3 or ~> 1.3", [hex: :nimble_parsec, repo: "hexpm", optional: false]}], "hexpm", "49159b7d7d999e836bedaf09dcf35ca18b312230cf901b725a64f3f42e407983"},
  "makeup_erlang": {:hex, :makeup_erlang, "1.0.1", "c7f58c120b2b5aa5fd80d540a89fdf866ed42f1f3994e4fe189abebeab610839", [:mix], [{:makeup, "~> 1.0", [hex: :makeup, repo: "hexpm", optional: false]}], "hexpm", "8a89a1eeccc2d798d6ea15496a6e4870b75e014d1af514b1b71fa33134f57814"},
  "nimble_options": {:hex, :nimble_options, "0.3.6", "365d03c05d43483d3eacf820671dafce5b49d692667b3bb8cae28447fd2414ef", [:mix], [], "hexpm", "1c1d3536c4aee1be2c8f3c691bf27c62dbd88d9bb3a0b1a011913453932e8c15"},
  "nimble_parsec": {:hex, :nimble_parsec, "1.4.0", "51f9b613ea62cfa97b25ccc2c1b4216e81df970acd8e16e8d1bdc58fef21370d", [:mix], [], "hexpm", "9c565862810fb383e9838c1dd2d7d2c437b3d13b267414ba6af33e50d2d1cf28"},
  "rabbit_common": {:hex, :rabbit_common, "3.7.11", "dc107a55f6213875264c5ffe014a8d7b34004893d9bc9eb5e16d6c519fb96cf1", [:make, :rebar3], [{:jsx, "2.9.0", [hex: :jsx, repo: "hexpm", optional: false]}, {:lager, "3.6.5", [hex: :lager, repo: "hexpm", optional: false]}, {:ranch, "1.7.1", [hex: :ranch, repo: "hexpm", optional: false]}, {:recon, "2.3.6", [hex: :recon, repo: "hexpm", optional: false]}], "hexpm", "47331e75e907991d481dc7450b8ba44a2f79ff0e94c80ef40649bf35c62be690"},
  "ranch": {:hex, :ranch, "1.7.1", "6b1fab51b49196860b733a49c07604465a47bdb78aa10c1c16a3d199f7f8c881", [:rebar3], [], "hexpm", "451d8527787df716d99dc36162fca05934915db0b6141bbdac2ea8d3c7afc7d7"},
  "recon": {:hex, :recon, "2.3.6", "2bcad0cf621fb277cabbb6413159cd3aa30265c2dee42c968697988b30108604", [:rebar3], [], "hexpm", "f55198650a8ec01d3efc04797abe550c7d023e7ff8b509f373cf933032049bd8"},
  "telemetry": {:hex, :telemetry, "1.0.0", "0f453a102cdf13d506b7c0ab158324c337c41f1cc7548f0bc0e130bbf0ae9452", [:rebar3], [], "hexpm", "73bc09fa59b4a0284efb4624335583c528e07ec9ae76aca96ea0673850aec57a"},
}
